<?xml version="1.0" encoding="utf-8"?>
<Project ToolsVersion="4.0" xmlns="http://schemas.microsoft.com/developer/msbuild/2003">
  <ItemGroup>
    <Filter Include="Source Files">
      <UniqueIdentifier>{4FC737F1-C7A5-4376-A066-2A32D752A2FF}</UniqueIdentifier>
      <Extensions>cpp;c;cc;cxx;def;odl;idl;hpj;bat;asm;asmx</Extensions>
    </Filter>
    <Filter Include="Header Files">
      <UniqueIdentifier>{93995380-89BD-4b04-88EB-625FBE52EBFB}</UniqueIdentifier>
      <Extensions>h;hh;hpp;hxx;hm;inl;inc;ipp;xsd</Extensions>
    </Filter>
    <Filter Include="Resource Files">
      <UniqueIdentifier>{67DA6AB6-F800-4c08-8B7A-83BB121AAD01}</UniqueIdentifier>
      <Extensions>rc;ico;cur;bmp;dlg;rc2;rct;bin;rgs;gif;jpg;jpeg;jpe;resx;tiff;tif;png;wav;mfcribbon-ms</Extensions>
    </Filter>
    <Filter Include="Header Files\Speech">
      <UniqueIdentifier>{834b66ba-5047-4400-8e65-ef190088713f}</UniqueIdentifier>
    </Filter>
    <Filter Include="Source Files\Speech">
      <UniqueIdentifier>{b90b73d5-6866-452d-94d5-670e89596399}</UniqueIdentifier>
    </Filter>
    <Filter Include="Header Files\Walking">
      <UniqueIdentifier>{f45a1870-d6de-44e8-ac64-ceddf4e48448}</UniqueIdentifier>
    </Filter>
    <Filter Include="Header Files\Menus">
      <UniqueIdentifier>{3e3dc7c9-5b18-47d9-bb57-27b39779b4cf}</UniqueIdentifier>
    </Filter>
    <Filter Include="Header Files\Walking\Actions">
      <UniqueIdentifier>{67849270-5ec6-4305-ac33-1a0a7a839863}</UniqueIdentifier>
    </Filter>
    <Filter Include="Source Files\Walking">
      <UniqueIdentifier>{43eb5f12-88d2-494c-a5c3-069cf2522e0d}</UniqueIdentifier>
    </Filter>
    <Filter Include="Source Files\Walking\Actions">
      <UniqueIdentifier>{671b9b50-310d-4903-b41a-6df8d843bb27}</UniqueIdentifier>
    </Filter>
    <Filter Include="Source Files\Menus">
      <UniqueIdentifier>{1c2c6870-1e0e-4088-9ff4-df8d3ddf422a}</UniqueIdentifier>
    </Filter>
    <Filter Include="Header Files\Saving">
      <UniqueIdentifier>{ac26509e-86a6-4b3a-a301-69d092b5569b}</UniqueIdentifier>
    </Filter>
    <Filter Include="Header Files\Saving\Save">
      <UniqueIdentifier>{aa68f5d3-a55d-4b3c-9e56-9b3a876caca2}</UniqueIdentifier>
    </Filter>
    <Filter Include="Header Files\Saving\Inventory">
      <UniqueIdentifier>{b693b82d-0c06-400e-8d01-3dd16691e82b}</UniqueIdentifier>
    </Filter>
    <Filter Include="Header Files\Base">
      <UniqueIdentifier>{972a7608-c463-4c63-8861-be146b8236a5}</UniqueIdentifier>
    </Filter>
    <Filter Include="Source Files\Saving">
      <UniqueIdentifier>{16c3f67e-3916-4d0f-8565-38385bf086ce}</UniqueIdentifier>
    </Filter>
    <Filter Include="Source Files\Saving\Save">
      <UniqueIdentifier>{52bb27d8-34e2-4c83-bbdf-de580814ead6}</UniqueIdentifier>
    </Filter>
    <Filter Include="Source Files\Saving\Inventory">
      <UniqueIdentifier>{5c1dcd90-eeab-4706-8439-f03664ff331f}</UniqueIdentifier>
    </Filter>
    <Filter Include="Source Files\Base">
      <UniqueIdentifier>{f3485dfc-09be-44dd-b828-3e7aa3f15f52}</UniqueIdentifier>
    </Filter>
    <Filter Include="Source Files\Menus\GUI">
      <UniqueIdentifier>{9f7fb0d3-e409-43a8-8643-e38991a12ccb}</UniqueIdentifier>
    </Filter>
    <Filter Include="Source Files\Menus\Scenes">
      <UniqueIdentifier>{8031e18b-0af5-4151-a09b-95a558f7ffa2}</UniqueIdentifier>
    </Filter>
    <Filter Include="Header Files\Menus\GUI">
      <UniqueIdentifier>{01989df7-45ae-42e5-b826-0207d96ef83f}</UniqueIdentifier>
    </Filter>
    <Filter Include="Header Files\Menus\Scenes">
      <UniqueIdentifier>{3a6169bf-4a11-4976-bac9-41eada1cf9c4}</UniqueIdentifier>
    </Filter>
  </ItemGroup>
  <ItemGroup>
    <ClCompile Include="RenderAction.cpp">
      <Filter>Source Files\Walking\Actions</Filter>
    </ClCompile>
    <ClCompile Include="InteractAction.cpp">
      <Filter>Source Files\Walking\Actions</Filter>
    </ClCompile>
    <ClCompile Include="TeleportAction.cpp">
      <Filter>Source Files\Walking\Actions</Filter>
    </ClCompile>
    <ClCompile Include="Game.cpp">
      <Filter>Source Files\Base</Filter>
    </ClCompile>
    <ClCompile Include="ConditionAction.cpp">
      <Filter>Source Files\Walking\Actions</Filter>
    </ClCompile>
    <ClCompile Include="VariableAction.cpp">
      <Filter>Source Files\Walking\Actions</Filter>
    </ClCompile>
    <ClCompile Include="BasicSpeechScene.cpp">
      <Filter>Source Files\Speech</Filter>
    </ClCompile>
    <ClCompile Include="SpeechBoxScene.cpp">
      <Filter>Source Files\Speech</Filter>
    </ClCompile>
    <ClCompile Include="SpeechCutScene.cpp">
      <Filter>Source Files\Speech</Filter>
    </ClCompile>
    <ClCompile Include="SpeechContainer.cpp">
      <Filter>Source Files\Speech</Filter>
    </ClCompile>
    <ClCompile Include="SpeechManager.cpp">
      <Filter>Source Files\Speech</Filter>
    </ClCompile>
    <ClCompile Include="Face.cpp">
      <Filter>Source Files\Speech</Filter>
    </ClCompile>
    <ClCompile Include="WalkingScene.cpp">
      <Filter>Source Files\Walking</Filter>
    </ClCompile>
    <ClCompile Include="Room.cpp">
      <Filter>Source Files\Walking</Filter>
    </ClCompile>
    <ClCompile Include="Player.cpp">
      <Filter>Source Files\Walking</Filter>
    </ClCompile>
    <ClCompile Include="Inventory.cpp">
      <Filter>Source Files\Saving\Inventory</Filter>
    </ClCompile>
    <ClCompile Include="InventoryScene.cpp">
      <Filter>Source Files\Saving\Inventory</Filter>
    </ClCompile>
    <ClCompile Include="Save.cpp">
      <Filter>Source Files\Saving\Save</Filter>
    </ClCompile>
    <ClCompile Include="Globals.cpp">
      <Filter>Source Files\Saving\Save</Filter>
    </ClCompile>
    <ClCompile Include="main.cpp">
      <Filter>Source Files\Base</Filter>
    </ClCompile>
    <ClCompile Include="Action.cpp">
      <Filter>Source Files\Walking</Filter>
    </ClCompile>
    <ClCompile Include="Item.cpp">
      <Filter>Source Files\Saving\Inventory</Filter>
    </ClCompile>
    <ClCompile Include="InventoryAction.cpp">
      <Filter>Source Files\Walking\Actions</Filter>
    </ClCompile>
    <ClCompile Include="SceneScaling.cpp">
      <Filter>Source Files\Base</Filter>
    </ClCompile>
    <ClCompile Include="PopupScene.cpp">
      <Filter>Source Files\Base</Filter>
    </ClCompile>
    <ClCompile Include="SavePopupScene.cpp">
      <Filter>Source Files\Saving\Save</Filter>
    </ClCompile>
    <ClCompile Include="SpeechCutScenes.cpp">
      <Filter>Source Files\Speech</Filter>
    </ClCompile>
    <ClCompile Include="ItemUseScene.cpp">
      <Filter>Source Files\Saving\Inventory</Filter>
    </ClCompile>
    <ClCompile Include="Button.cpp">
      <Filter>Source Files\Menus\GUI</Filter>
    </ClCompile>
    <ClCompile Include="ButtonSet.cpp">
      <Filter>Source Files\Menus\GUI</Filter>
    </ClCompile>
    <ClCompile Include="TextSelector.cpp">
      <Filter>Source Files\Menus\GUI</Filter>
    </ClCompile>
    <ClCompile Include="MenuScene.cpp">
      <Filter>Source Files\Menus\Scenes</Filter>
    </ClCompile>
    <ClCompile Include="PauseMenuScene.cpp">
      <Filter>Source Files\Menus\Scenes</Filter>
    </ClCompile>
    <ClCompile Include="SaveSelectionScene.cpp">
      <Filter>Source Files\Menus\Scenes</Filter>
    </ClCompile>
    <ClCompile Include="ConditionParser.cpp">
      <Filter>Source Files\Saving\Save</Filter>
    </ClCompile>
    <ClCompile Include="VariableConditionParser.cpp">
      <Filter>Source Files\Saving\Save</Filter>
    </ClCompile>
    <ClCompile Include="InventoryConditionParser.cpp">
      <Filter>Source Files\Saving\Inventory</Filter>
    </ClCompile>
  </ItemGroup>
  <ItemGroup>
    <ClInclude Include="RenderAction.h">
      <Filter>Header Files\Walking\Actions</Filter>
    </ClInclude>
    <ClInclude Include="InteractAction.h">
      <Filter>Header Files\Walking\Actions</Filter>
    </ClInclude>
    <ClInclude Include="TeleportAction.h">
      <Filter>Header Files\Walking\Actions</Filter>
    </ClInclude>
    <ClInclude Include="Game.h">
      <Filter>Header Files\Base</Filter>
    </ClInclude>
    <ClInclude Include="ConditionAction.h">
      <Filter>Header Files\Walking\Actions</Filter>
    </ClInclude>
    <ClInclude Include="VariableAction.h">
      <Filter>Header Files\Walking\Actions</Filter>
    </ClInclude>
    <ClInclude Include="SpeechContainer.h">
      <Filter>Header Files\Speech</Filter>
    </ClInclude>
    <ClInclude Include="SpeechManager.h">
      <Filter>Header Files\Speech</Filter>
    </ClInclude>
    <ClInclude Include="BasicSpeechScene.h">
      <Filter>Header Files\Speech</Filter>
    </ClInclude>
    <ClInclude Include="SpeechBoxScene.h">
      <Filter>Header Files\Speech</Filter>
    </ClInclude>
    <ClInclude Include="SpeechCutScene.h">
      <Filter>Header Files\Speech</Filter>
    </ClInclude>
    <ClInclude Include="SpeechCutScenes.h">
      <Filter>Header Files\Speech</Filter>
    </ClInclude>
    <ClInclude Include="Face.h">
      <Filter>Header Files\Speech</Filter>
    </ClInclude>
    <ClInclude Include="WalkingScene.h">
      <Filter>Header Files\Walking</Filter>
    </ClInclude>
    <ClInclude Include="Player.h">
      <Filter>Header Files\Walking</Filter>
    </ClInclude>
    <ClInclude Include="Room.h">
      <Filter>Header Files\Walking</Filter>
    </ClInclude>
    <ClInclude Include="Scene.h">
      <Filter>Header Files\Base</Filter>
    </ClInclude>
    <ClInclude Include="Inventory.h">
      <Filter>Header Files\Saving\Inventory</Filter>
    </ClInclude>
    <ClInclude Include="InventoryScene.h">
      <Filter>Header Files\Saving\Inventory</Filter>
    </ClInclude>
    <ClInclude Include="Globals.h">
      <Filter>Header Files\Saving\Save</Filter>
    </ClInclude>
    <ClInclude Include="Save.h">
      <Filter>Header Files\Saving\Save</Filter>
    </ClInclude>
    <ClInclude Include="Item.h">
      <Filter>Header Files\Saving\Inventory</Filter>
    </ClInclude>
    <ClInclude Include="Action.h">
      <Filter>Header Files\Walking</Filter>
    </ClInclude>
    <ClInclude Include="InventoryAction.h">
      <Filter>Header Files\Walking\Actions</Filter>
    </ClInclude>
    <ClInclude Include="GameElement.h">
      <Filter>Header Files\Base</Filter>
    </ClInclude>
    <ClInclude Include="SceneScaling.h">
      <Filter>Header Files\Base</Filter>
    </ClInclude>
    <ClInclude Include="SavePopupScene.h">
      <Filter>Header Files\Saving\Save</Filter>
    </ClInclude>
    <ClInclude Include="PopupScene.h">
      <Filter>Header Files\Base</Filter>
    </ClInclude>
    <ClInclude Include="ItemUseScene.h">
      <Filter>Header Files\Saving\Inventory</Filter>
    </ClInclude>
    <ClInclude Include="Button.h">
      <Filter>Header Files\Menus\GUI</Filter>
    </ClInclude>
    <ClInclude Include="ButtonSet.h">
      <Filter>Header Files\Menus\GUI</Filter>
    </ClInclude>
    <ClInclude Include="TextSelector.h">
      <Filter>Header Files\Menus\GUI</Filter>
    </ClInclude>
    <ClInclude Include="MenuScene.h">
      <Filter>Header Files\Menus\Scenes</Filter>
    </ClInclude>
    <ClInclude Include="PauseMenuScene.h">
      <Filter>Header Files\Menus\Scenes</Filter>
    </ClInclude>
    <ClInclude Include="SaveSelectionScene.h">
      <Filter>Header Files\Menus\Scenes</Filter>
    </ClInclude>
    <ClInclude Include="ConditionParser.h">
      <Filter>Header Files\Saving\Save</Filter>
    </ClInclude>
    <ClInclude Include="VariableConditionParser.h">
      <Filter>Header Files\Saving\Save</Filter>
    </ClInclude>
    <ClInclude Include="InventoryConditionParser.h">
      <Filter>Header Files\Saving\Inventory</Filter>
    </ClInclude>
  </ItemGroup>
</Project>